
Microsoft Visual Studio Solution File, Format Version 12.00
# Visual Studio Version 17
VisualStudioVersion = 17.0.31903.59
MinimumVisualStudioVersion = 10.0.40219.1
Project("{2150E333-8FDC-42A3-9474-1A3956D46DE8}") = "src", "src", "{827E0CD3-B72D-47B6-A68D-7590B98EB39B}"
EndProject
Project("{FAE04EC0-301F-11D3-BF4B-00C04F79EFBC}") = "WireCabinet.Core", "src\WireCabinet.Core\WireCabinet.Core.csproj", "{0A63029D-5B71-4FA9-9187-CCC5A914B82A}"
EndProject
Project("{FAE04EC0-301F-11D3-BF4B-00C04F79EFBC}") = "WireCabinet.Data", "src\WireCabinet.Data\WireCabinet.Data.csproj", "{1856C925-E1E5-4DFA-862E-9EB0A6F2B2D4}"
EndProject
Project("{FAE04EC0-301F-11D3-BF4B-00C04F79EFBC}") = "WireCabinet.Flow", "src\WireCabinet.Flow\WireCabinet.Flow.csproj", "{358D2449-A3AD-4A27-A360-2845729D1960}"
EndProject
Project("{FAE04EC0-301F-11D3-BF4B-00C04F79EFBC}") = "WireCabinet.Slots", "src\WireCabinet.Slots\WireCabinet.Slots.csproj", "{D8D43457-46F2-461A-A1A3-C3CEF327DB8C}"
EndProject
Project("{FAE04EC0-301F-11D3-BF4B-00C04F79EFBC}") = "WireCabinet.Slots.Hardware", "src\WireCabinet.Slots.Hardware\WireCabinet.Slots.Hardware.csproj", "{522C2AFF-857D-4338-BFE4-FDB3FE8122F4}"
EndProject
Project("{FAE04EC0-301F-11D3-BF4B-00C04F79EFBC}") = "WireCabinet.Rcs", "src\WireCabinet.Rcs\WireCabinet.Rcs.csproj", "{FF469221-5E58-4558-94D6-034E966F7736}"
EndProject
Project("{FAE04EC0-301F-11D3-BF4B-00C04F79EFBC}") = "WireCabinet.Hmi", "src\WireCabinet.Hmi\WireCabinet.Hmi.csproj", "{42AF5036-C4F9-469B-868F-4820532C649C}"
EndProject
Project("{FAE04EC0-301F-11D3-BF4B-00C04F79EFBC}") = "AgvDispatch.Sdk", "agv-dispatch-sdk\AgvDispatch.Sdk\AgvDispatch.Sdk.csproj", "{C9AA51E3-777D-4143-A879-FCAA9110A022}"
EndProject
Global
	GlobalSection(SolutionConfigurationPlatforms) = preSolution
		Debug|Any CPU = Debug|Any CPU
		Debug|x64 = Debug|x64
		Debug|x86 = Debug|x86
		Release|Any CPU = Release|Any CPU
		Release|x64 = Release|x64
		Release|x86 = Release|x86
	EndGlobalSection
	GlobalSection(ProjectConfigurationPlatforms) = postSolution
		{0A63029D-5B71-4FA9-9187-CCC5A914B82A}.Debug|Any CPU.ActiveCfg = Debug|Any CPU
		{0A63029D-5B71-4FA9-9187-CCC5A914B82A}.Debug|Any CPU.Build.0 = Debug|Any CPU
		{0A63029D-5B71-4FA9-9187-CCC5A914B82A}.Debug|x64.ActiveCfg = Debug|Any CPU
		{0A63029D-5B71-4FA9-9187-CCC5A914B82A}.Debug|x64.Build.0 = Debug|Any CPU
		{0A63029D-5B71-4FA9-9187-CCC5A914B82A}.Debug|x86.ActiveCfg = Debug|Any CPU
		{0A63029D-5B71-4FA9-9187-CCC5A914B82A}.Debug|x86.Build.0 = Debug|Any CPU
		{0A63029D-5B71-4FA9-9187-CCC5A914B82A}.Release|Any CPU.ActiveCfg = Release|Any CPU
		{0A63029D-5B71-4FA9-9187-CCC5A914B82A}.Release|Any CPU.Build.0 = Release|Any CPU
		{0A63029D-5B71-4FA9-9187-CCC5A914B82A}.Release|x64.ActiveCfg = Release|Any CPU
		{0A63029D-5B71-4FA9-9187-CCC5A914B82A}.Release|x64.Build.0 = Release|Any CPU
		{0A63029D-5B71-4FA9-9187-CCC5A914B82A}.Release|x86.ActiveCfg = Release|Any CPU
		{0A63029D-5B71-4FA9-9187-CCC5A914B82A}.Release|x86.Build.0 = Release|Any CPU
		{1856C925-E1E5-4DFA-862E-9EB0A6F2B2D4}.Debug|Any CPU.ActiveCfg = Debug|Any CPU
		{1856C925-E1E5-4DFA-862E-9EB0A6F2B2D4}.Debug|Any CPU.Build.0 = Debug|Any CPU
		{1856C925-E1E5-4DFA-862E-9EB0A6F2B2D4}.Debug|x64.ActiveCfg = Debug|Any CPU
		{1856C925-E1E5-4DFA-862E-9EB0A6F2B2D4}.Debug|x64.Build.0 = Debug|Any CPU
		{1856C925-E1E5-4DFA-862E-9EB0A6F2B2D4}.Debug|x86.ActiveCfg = Debug|Any CPU
		{1856C925-E1E5-4DFA-862E-9EB0A6F2B2D4}.Debug|x86.Build.0 = Debug|Any CPU
		{1856C925-E1E5-4DFA-862E-9EB0A6F2B2D4}.Release|Any CPU.ActiveCfg = Release|Any CPU
		{1856C925-E1E5-4DFA-862E-9EB0A6F2B2D4}.Release|Any CPU.Build.0 = Release|Any CPU
		{1856C925-E1E5-4DFA-862E-9EB0A6F2B2D4}.Release|x64.ActiveCfg = Release|Any CPU
		{1856C925-E1E5-4DFA-862E-9EB0A6F2B2D4}.Release|x64.Build.0 = Release|Any CPU
		{1856C925-E1E5-4DFA-862E-9EB0A6F2B2D4}.Release|x86.ActiveCfg = Release|Any CPU
		{1856C925-E1E5-4DFA-862E-9EB0A6F2B2D4}.Release|x86.Build.0 = Release|Any CPU
		{358D2449-A3AD-4A27-A360-2845729D1960}.Debug|Any CPU.ActiveCfg = Debug|Any CPU
		{358D2449-A3AD-4A27-A360-2845729D1960}.Debug|Any CPU.Build.0 = Debug|Any CPU
		{358D2449-A3AD-4A27-A360-2845729D1960}.Debug|x64.ActiveCfg = Debug|Any CPU
		{358D2449-A3AD-4A27-A360-2845729D1960}.Debug|x64.Build.0 = Debug|Any CPU
		{358D2449-A3AD-4A27-A360-2845729D1960}.Debug|x86.ActiveCfg = Debug|Any CPU
		{358D2449-A3AD-4A27-A360-2845729D1960}.Debug|x86.Build.0 = Debug|Any CPU
		{358D2449-A3AD-4A27-A360-2845729D1960}.Release|Any CPU.ActiveCfg = Release|Any CPU
		{358D2449-A3AD-4A27-A360-2845729D1960}.Release|Any CPU.Build.0 = Release|Any CPU
		{358D2449-A3AD-4A27-A360-2845729D1960}.Release|x64.ActiveCfg = Release|Any CPU
		{358D2449-A3AD-4A27-A360-2845729D1960}.Release|x64.Build.0 = Release|Any CPU
		{358D2449-A3AD-4A27-A360-2845729D1960}.Release|x86.ActiveCfg = Release|Any CPU
		{358D2449-A3AD-4A27-A360-2845729D1960}.Release|x86.Build.0 = Release|Any CPU
		{D8D43457-46F2-461A-A1A3-C3CEF327DB8C}.Debug|Any CPU.ActiveCfg = Debug|Any CPU
		{D8D43457-46F2-461A-A1A3-C3CEF327DB8C}.Debug|Any CPU.Build.0 = Debug|Any CPU
		{D8D43457-46F2-461A-A1A3-C3CEF327DB8C}.Debug|x64.ActiveCfg = Debug|Any CPU
		{D8D43457-46F2-461A-A1A3-C3CEF327DB8C}.Debug|x64.Build.0 = Debug|Any CPU
		{D8D43457-46F2-461A-A1A3-C3CEF327DB8C}.Debug|x86.ActiveCfg = Debug|Any CPU
		{D8D43457-46F2-461A-A1A3-C3CEF327DB8C}.Debug|x86.Build.0 = Debug|Any CPU
		{D8D43457-46F2-461A-A1A3-C3CEF327DB8C}.Release|Any CPU.ActiveCfg = Release|Any CPU
		{D8D43457-46F2-461A-A1A3-C3CEF327DB8C}.Release|Any CPU.Build.0 = Release|Any CPU
		{D8D43457-46F2-461A-A1A3-C3CEF327DB8C}.Release|x64.ActiveCfg = Release|Any CPU
		{D8D43457-46F2-461A-A1A3-C3CEF327DB8C}.Release|x64.Build.0 = Release|Any CPU
		{D8D43457-46F2-461A-A1A3-C3CEF327DB8C}.Release|x86.ActiveCfg = Release|Any CPU
		{D8D43457-46F2-461A-A1A3-C3CEF327DB8C}.Release|x86.Build.0 = Release|Any CPU
		{522C2AFF-857D-4338-BFE4-FDB3FE8122F4}.Debug|Any CPU.ActiveCfg = Debug|Any CPU
		{522C2AFF-857D-4338-BFE4-FDB3FE8122F4}.Debug|Any CPU.Build.0 = Debug|Any CPU
		{522C2AFF-857D-4338-BFE4-FDB3FE8122F4}.Debug|x64.ActiveCfg = Debug|Any CPU
		{522C2AFF-857D-4338-BFE4-FDB3FE8122F4}.Debug|x64.Build.0 = Debug|Any CPU
		{522C2AFF-857D-4338-BFE4-FDB3FE8122F4}.Debug|x86.ActiveCfg = Debug|Any CPU
		{522C2AFF-857D-4338-BFE4-FDB3FE8122F4}.Debug|x86.Build.0 = Debug|Any CPU
		{522C2AFF-857D-4338-BFE4-FDB3FE8122F4}.Release|Any CPU.ActiveCfg = Release|Any CPU
		{522C2AFF-857D-4338-BFE4-FDB3FE8122F4}.Release|Any CPU.Build.0 = Release|Any CPU
		{522C2AFF-857D-4338-BFE4-FDB3FE8122F4}.Release|x64.ActiveCfg = Release|Any CPU
		{522C2AFF-857D-4338-BFE4-FDB3FE8122F4}.Release|x64.Build.0 = Release|Any CPU
		{522C2AFF-857D-4338-BFE4-FDB3FE8122F4}.Release|x86.ActiveCfg = Release|Any CPU
		{522C2AFF-857D-4338-BFE4-FDB3FE8122F4}.Release|x86.Build.0 = Release|Any CPU
		{FF469221-5E58-4558-94D6-034E966F7736}.Debug|Any CPU.ActiveCfg = Debug|Any CPU
		{FF469221-5E58-4558-94D6-034E966F7736}.Debug|Any CPU.Build.0 = Debug|Any CPU
		{FF469221-5E58-4558-94D6-034E966F7736}.Debug|x64.ActiveCfg = Debug|Any CPU
		{FF469221-5E58-4558-94D6-034E966F7736}.Debug|x64.Build.0 = Debug|Any CPU
		{FF469221-5E58-4558-94D6-034E966F7736}.Debug|x86.ActiveCfg = Debug|Any CPU
		{FF469221-5E58-4558-94D6-034E966F7736}.Debug|x86.Build.0 = Debug|Any CPU
		{FF469221-5E58-4558-94D6-034E966F7736}.Release|Any CPU.ActiveCfg = Release|Any CPU
		{FF469221-5E58-4558-94D6-034E966F7736}.Release|Any CPU.Build.0 = Release|Any CPU
		{FF469221-5E58-4558-94D6-034E966F7736}.Release|x64.ActiveCfg = Release|Any CPU
		{FF469221-5E58-4558-94D6-034E966F7736}.Release|x64.Build.0 = Release|Any CPU
		{FF469221-5E58-4558-94D6-034E966F7736}.Release|x86.ActiveCfg = Release|Any CPU
		{FF469221-5E58-4558-94D6-034E966F7736}.Release|x86.Build.0 = Release|Any CPU
		{42AF5036-C4F9-469B-868F-4820532C649C}.Debug|Any CPU.ActiveCfg = Debug|Any CPU
		{42AF5036-C4F9-469B-868F-4820532C649C}.Debug|Any CPU.Build.0 = Debug|Any CPU
		{42AF5036-C4F9-469B-868F-4820532C649C}.Debug|x64.ActiveCfg = Debug|Any CPU
		{42AF5036-C4F9-469B-868F-4820532C649C}.Debug|x64.Build.0 = Debug|Any CPU
		{42AF5036-C4F9-469B-868F-4820532C649C}.Debug|x86.ActiveCfg = Debug|Any CPU
		{42AF5036-C4F9-469B-868F-4820532C649C}.Debug|x86.Build.0 = Debug|Any CPU
		{42AF5036-C4F9-469B-868F-4820532C649C}.Release|Any CPU.ActiveCfg = Release|Any CPU
		{42AF5036-C4F9-469B-868F-4820532C649C}.Release|Any CPU.Build.0 = Release|Any CPU
		{42AF5036-C4F9-469B-868F-4820532C649C}.Release|x64.ActiveCfg = Release|Any CPU
		{42AF5036-C4F9-469B-868F-4820532C649C}.Release|x64.Build.0 = Release|Any CPU
		{42AF5036-C4F9-469B-868F-4820532C649C}.Release|x86.ActiveCfg = Release|Any CPU
		{42AF5036-C4F9-469B-868F-4820532C649C}.Release|x86.Build.0 = Release|Any CPU
		{C9AA51E3-777D-4143-A879-FCAA9110A022}.Debug|Any CPU.ActiveCfg = Debug|Any CPU
		{C9AA51E3-777D-4143-A879-FCAA9110A022}.Debug|Any CPU.Build.0 = Debug|Any CPU
		{C9AA51E3-777D-4143-A879-FCAA9110A022}.Debug|x64.ActiveCfg = Debug|Any CPU
		{C9AA51E3-777D-4143-A879-FCAA9110A022}.Debug|x64.Build.0 = Debug|Any CPU
		{C9AA51E3-777D-4143-A879-FCAA9110A022}.Debug|x86.ActiveCfg = Debug|Any CPU
		{C9AA51E3-777D-4143-A879-FCAA9110A022}.Debug|x86.Build.0 = Debug|Any CPU
		{C9AA51E3-777D-4143-A879-FCAA9110A022}.Release|Any CPU.ActiveCfg = Release|Any CPU
		{C9AA51E3-777D-4143-A879-FCAA9110A022}.Release|Any CPU.Build.0 = Release|Any CPU
		{C9AA51E3-777D-4143-A879-FCAA9110A022}.Release|x64.ActiveCfg = Release|Any CPU
		{C9AA51E3-777D-4143-A879-FCAA9110A022}.Release|x64.Build.0 = Release|Any CPU
		{C9AA51E3-777D-4143-A879-FCAA9110A022}.Release|x86.ActiveCfg = Release|Any CPU
		{C9AA51E3-777D-4143-A879-FCAA9110A022}.Release|x86.Build.0 = Release|Any CPU
	EndGlobalSection
	GlobalSection(SolutionProperties) = preSolution
		HideSolutionNode = FALSE
	EndGlobalSection
	GlobalSection(NestedProjects) = preSolution
		{0A63029D-5B71-4FA9-9187-CCC5A914B82A} = {827E0CD3-B72D-47B6-A68D-7590B98EB39B}
		{1856C925-E1E5-4DFA-862E-9EB0A6F2B2D4} = {827E0CD3-B72D-47B6-A68D-7590B98EB39B}
		{358D2449-A3AD-4A27-A360-2845729D1960} = {827E0CD3-B72D-47B6-A68D-7590B98EB39B}
		{D8D43457-46F2-461A-A1A3-C3CEF327DB8C} = {827E0CD3-B72D-47B6-A68D-7590B98EB39B}
		{522C2AFF-857D-4338-BFE4-FDB3FE8122F4} = {827E0CD3-B72D-47B6-A68D-7590B98EB39B}
		{FF469221-5E58-4558-94D6-034E966F7736} = {827E0CD3-B72D-47B6-A68D-7590B98EB39B}
		{42AF5036-C4F9-469B-868F-4820532C649C} = {827E0CD3-B72D-47B6-A68D-7590B98EB39B}
		{C9AA51E3-777D-4143-A879-FCAA9110A022} = {827E0CD3-B72D-47B6-A68D-7590B98EB39B}
	EndGlobalSection
EndGlobal
